
Microsoft Visual Studio Solution File, Format Version 12.00
# Visual Studio Version 16
VisualStudioVersion = 16.0.29613.14
MinimumVisualStudioVersion = 10.0.40219.1
Project("{FAE04EC0-301F-11D3-BF4B-00C04F79EFBC}") = "agendaSQL", "agendaSQL.csproj", "{387FDDB3-609E-48C7-8BE4-2E00EFB69C91}"
EndProject
Global
	GlobalSection(SolutionConfigurationPlatforms) = preSolution
		Debug|Any CPU = Debug|Any CPU
		Release|Any CPU = Release|Any CPU
	EndGlobalSection
	GlobalSection(ProjectConfigurationPlatforms) = postSolution
		{387FDDB3-609E-48C7-8BE4-2E00EFB69C91}.Debug|Any CPU.ActiveCfg = Debug|Any CPU
		{387FDDB3-609E-48C7-8BE4-2E00EFB69C91}.Debug|Any CPU.Build.0 = Debug|Any CPU
		{387FDDB3-609E-48C7-8BE4-2E00EFB69C91}.Release|Any CPU.ActiveCfg = Release|Any CPU
		{387FDDB3-609E-48C7-8BE4-2E00EFB69C91}.Release|Any CPU.Build.0 = Release|Any CPU
	EndGlobalSection
	GlobalSection(SolutionProperties) = preSolution
		HideSolutionNode = FALSE
	EndGlobalSection
	GlobalSection(ExtensibilityGlobals) = postSolution
		SolutionGuid = {6533373D-3347-4E78-B252-C8AF71CE8EBA}
	EndGlobalSection
EndGlobal
